
Microsoft Visual Studio Solution File, Format Version 12.00
# Visual Studio Version 17
VisualStudioVersion = 17.14.36414.22
MinimumVisualStudioVersion = 10.0.40219.1
Project("{FAE04EC0-301F-11D3-BF4B-00C04F79EFBC}") = "elibrary", "elibrary\elibrary.csproj", "{8FEE4CD4-608C-4C6B-8FC9-214266A8584F}"
EndProject
Project("{2150E333-8FDC-42A3-9474-1A3956D46DE8}") = "Infrastructure", "Infrastructure", "{36D591C7-65C7-A0D1-1CBC-10CDE441BDC8}"
EndProject
Project("{FAE04EC0-301F-11D3-BF4B-00C04F79EFBC}") = "Persistence", "Persistence\Persistence.csproj", "{EBE955FA-2A93-4702-B7C6-95D0AD1DBC03}"
EndProject
Project("{2150E333-8FDC-42A3-9474-1A3956D46DE8}") = "Core", "Core", "{139F7A5E-E6C2-4557-B30E-ABBEFF612912}"
EndProject
Project("{FAE04EC0-301F-11D3-BF4B-00C04F79EFBC}") = "Domain", "Domain\Domain.csproj", "{73E2E075-69E1-4A63-AFC2-D559C5B9BC02}"
EndProject
Project("{FAE04EC0-301F-11D3-BF4B-00C04F79EFBC}") = "Logging", "Logging\Logging.csproj", "{D5D03FC6-C675-48BC-856F-0B2D02699F52}"
EndProject
Project("{FAE04EC0-301F-11D3-BF4B-00C04F79EFBC}") = "Email", "Email\Email.csproj", "{7B79C2C3-01A1-4A74-876A-97008D0E4A8D}"
EndProject
Project("{FAE04EC0-301F-11D3-BF4B-00C04F79EFBC}") = "FileStorage", "FileStorage\FileStorage.csproj", "{E5525414-F131-4469-918E-26CC005491A3}"
EndProject
Project("{FAE04EC0-301F-11D3-BF4B-00C04F79EFBC}") = "Payment", "Payment\Payment.csproj", "{08F48CDB-445D-4281-B69F-37BEDF1161BD}"
EndProject
Project("{FAE04EC0-301F-11D3-BF4B-00C04F79EFBC}") = "ApplicationLayer", "ApplicationLayer\ApplicationLayer.csproj", "{74E18AC4-BFF4-4CD8-ACDE-0854C9A52400}"
EndProject
Project("{FAE04EC0-301F-11D3-BF4B-00C04F79EFBC}") = "DocumentConverter", "DocumentConverter\DocumentConverter.csproj", "{BCCA00E8-2EC8-4D56-8C76-037B4678925F}"
EndProject
Project("{2150E333-8FDC-42A3-9474-1A3956D46DE8}") = "tests", "tests", "{CEDFE6A2-AD7D-45D9-A297-A4A98D1BCCBE}"
EndProject
Project("{2150E333-8FDC-42A3-9474-1A3956D46DE8}") = "src", "src", "{0ECB1246-ABFE-461C-A1C6-67CBBFE62B3E}"
EndProject
Global
	GlobalSection(SolutionConfigurationPlatforms) = preSolution
		Debug|Any CPU = Debug|Any CPU
		Release|Any CPU = Release|Any CPU
	EndGlobalSection
	GlobalSection(ProjectConfigurationPlatforms) = postSolution
		{8FEE4CD4-608C-4C6B-8FC9-214266A8584F}.Debug|Any CPU.ActiveCfg = Debug|Any CPU
		{8FEE4CD4-608C-4C6B-8FC9-214266A8584F}.Debug|Any CPU.Build.0 = Debug|Any CPU
		{8FEE4CD4-608C-4C6B-8FC9-214266A8584F}.Release|Any CPU.ActiveCfg = Release|Any CPU
		{8FEE4CD4-608C-4C6B-8FC9-214266A8584F}.Release|Any CPU.Build.0 = Release|Any CPU
		{EBE955FA-2A93-4702-B7C6-95D0AD1DBC03}.Debug|Any CPU.ActiveCfg = Debug|Any CPU
		{EBE955FA-2A93-4702-B7C6-95D0AD1DBC03}.Debug|Any CPU.Build.0 = Debug|Any CPU
		{EBE955FA-2A93-4702-B7C6-95D0AD1DBC03}.Release|Any CPU.ActiveCfg = Release|Any CPU
		{EBE955FA-2A93-4702-B7C6-95D0AD1DBC03}.Release|Any CPU.Build.0 = Release|Any CPU
		{73E2E075-69E1-4A63-AFC2-D559C5B9BC02}.Debug|Any CPU.ActiveCfg = Debug|Any CPU
		{73E2E075-69E1-4A63-AFC2-D559C5B9BC02}.Debug|Any CPU.Build.0 = Debug|Any CPU
		{73E2E075-69E1-4A63-AFC2-D559C5B9BC02}.Release|Any CPU.ActiveCfg = Release|Any CPU
		{73E2E075-69E1-4A63-AFC2-D559C5B9BC02}.Release|Any CPU.Build.0 = Release|Any CPU
		{D5D03FC6-C675-48BC-856F-0B2D02699F52}.Debug|Any CPU.ActiveCfg = Debug|Any CPU
		{D5D03FC6-C675-48BC-856F-0B2D02699F52}.Debug|Any CPU.Build.0 = Debug|Any CPU
		{D5D03FC6-C675-48BC-856F-0B2D02699F52}.Release|Any CPU.ActiveCfg = Release|Any CPU
		{D5D03FC6-C675-48BC-856F-0B2D02699F52}.Release|Any CPU.Build.0 = Release|Any CPU
		{7B79C2C3-01A1-4A74-876A-97008D0E4A8D}.Debug|Any CPU.ActiveCfg = Debug|Any CPU
		{7B79C2C3-01A1-4A74-876A-97008D0E4A8D}.Debug|Any CPU.Build.0 = Debug|Any CPU
		{7B79C2C3-01A1-4A74-876A-97008D0E4A8D}.Release|Any CPU.ActiveCfg = Release|Any CPU
		{7B79C2C3-01A1-4A74-876A-97008D0E4A8D}.Release|Any CPU.Build.0 = Release|Any CPU
		{E5525414-F131-4469-918E-26CC005491A3}.Debug|Any CPU.ActiveCfg = Debug|Any CPU
		{E5525414-F131-4469-918E-26CC005491A3}.Debug|Any CPU.Build.0 = Debug|Any CPU
		{E5525414-F131-4469-918E-26CC005491A3}.Release|Any CPU.ActiveCfg = Release|Any CPU
		{E5525414-F131-4469-918E-26CC005491A3}.Release|Any CPU.Build.0 = Release|Any CPU
		{08F48CDB-445D-4281-B69F-37BEDF1161BD}.Debug|Any CPU.ActiveCfg = Debug|Any CPU
		{08F48CDB-445D-4281-B69F-37BEDF1161BD}.Debug|Any CPU.Build.0 = Debug|Any CPU
		{08F48CDB-445D-4281-B69F-37BEDF1161BD}.Release|Any CPU.ActiveCfg = Release|Any CPU
		{08F48CDB-445D-4281-B69F-37BEDF1161BD}.Release|Any CPU.Build.0 = Release|Any CPU
		{74E18AC4-BFF4-4CD8-ACDE-0854C9A52400}.Debug|Any CPU.ActiveCfg = Debug|Any CPU
		{74E18AC4-BFF4-4CD8-ACDE-0854C9A52400}.Debug|Any CPU.Build.0 = Debug|Any CPU
		{74E18AC4-BFF4-4CD8-ACDE-0854C9A52400}.Release|Any CPU.ActiveCfg = Release|Any CPU
		{74E18AC4-BFF4-4CD8-ACDE-0854C9A52400}.Release|Any CPU.Build.0 = Release|Any CPU
		{BCCA00E8-2EC8-4D56-8C76-037B4678925F}.Debug|Any CPU.ActiveCfg = Debug|Any CPU
		{BCCA00E8-2EC8-4D56-8C76-037B4678925F}.Debug|Any CPU.Build.0 = Debug|Any CPU
		{BCCA00E8-2EC8-4D56-8C76-037B4678925F}.Release|Any CPU.ActiveCfg = Release|Any CPU
		{BCCA00E8-2EC8-4D56-8C76-037B4678925F}.Release|Any CPU.Build.0 = Release|Any CPU
	EndGlobalSection
	GlobalSection(SolutionProperties) = preSolution
		HideSolutionNode = FALSE
	EndGlobalSection
	GlobalSection(NestedProjects) = preSolution
		{EBE955FA-2A93-4702-B7C6-95D0AD1DBC03} = {36D591C7-65C7-A0D1-1CBC-10CDE441BDC8}
		{73E2E075-69E1-4A63-AFC2-D559C5B9BC02} = {139F7A5E-E6C2-4557-B30E-ABBEFF612912}
		{D5D03FC6-C675-48BC-856F-0B2D02699F52} = {36D591C7-65C7-A0D1-1CBC-10CDE441BDC8}
		{7B79C2C3-01A1-4A74-876A-97008D0E4A8D} = {36D591C7-65C7-A0D1-1CBC-10CDE441BDC8}
		{E5525414-F131-4469-918E-26CC005491A3} = {36D591C7-65C7-A0D1-1CBC-10CDE441BDC8}
		{08F48CDB-445D-4281-B69F-37BEDF1161BD} = {36D591C7-65C7-A0D1-1CBC-10CDE441BDC8}
		{74E18AC4-BFF4-4CD8-ACDE-0854C9A52400} = {139F7A5E-E6C2-4557-B30E-ABBEFF612912}
		{BCCA00E8-2EC8-4D56-8C76-037B4678925F} = {36D591C7-65C7-A0D1-1CBC-10CDE441BDC8}
	EndGlobalSection
	GlobalSection(ExtensibilityGlobals) = postSolution
		SolutionGuid = {CCDA9848-1D76-49AB-A466-C493BC1E99A6}
	EndGlobalSection
EndGlobal
